// !$*UTF8*$!
{
	archiveVersion = 1;
	classes = {
	};
	objectVersion = 50;
	objects = {

/* Begin PBXBuildFile section */
		2ED9435822186F120098FB4A /* AppDelegate.swift in Sources */ = {isa = PBXBuildFile; fileRef = 2ED9435722186F120098FB4A /* AppDelegate.swift */; };
		2ED9435A22186F120098FB4A /* ViewController.swift in Sources */ = {isa = PBXBuildFile; fileRef = 2ED9435922186F120098FB4A /* ViewController.swift */; };
		2ED9435D22186F120098FB4A /* Main.storyboard in Resources */ = {isa = PBXBuildFile; fileRef = 2ED9435B22186F120098FB4A /* Main.storyboard */; };
		2ED9435F22186F130098FB4A /* Assets.xcassets in Resources */ = {isa = PBXBuildFile; fileRef = 2ED9435E22186F130098FB4A /* Assets.xcassets */; };
		2ED9436222186F130098FB4A /* LaunchScreen.storyboard in Resources */ = {isa = PBXBuildFile; fileRef = 2ED9436022186F130098FB4A /* LaunchScreen.storyboard */; };
		2ED9436D22186F130098FB4A /* test2Tests.swift in Sources */ = {isa = PBXBuildFile; fileRef = 2ED9436C22186F130098FB4A /* test2Tests.swift */; };
		2ED9437822186F140098FB4A /* test2UITests.swift in Sources */ = {isa = PBXBuildFile; fileRef = 2ED9437722186F140098FB4A /* test2UITests.swift */; };
		2ED943CC2218B7520098FB4A /* Ship.swift in Sources */ = {isa = PBXBuildFile; fileRef = 2ED943C72218B7500098FB4A /* Ship.swift */; };
		2ED943CD2218B7520098FB4A /* ShipType.swift in Sources */ = {isa = PBXBuildFile; fileRef = 2ED943C82218B7510098FB4A /* ShipType.swift */; };
		2ED943CE2218B7520098FB4A /* GameDifficulty.swift in Sources */ = {isa = PBXBuildFile; fileRef = 2ED943C92218B7520098FB4A /* GameDifficulty.swift */; };
		2ED943CF2218B7520098FB4A /* Game.swift in Sources */ = {isa = PBXBuildFile; fileRef = 2ED943CA2218B7520098FB4A /* Game.swift */; };
		2ED943D02218B7520098FB4A /* Player.swift in Sources */ = {isa = PBXBuildFile; fileRef = 2ED943CB2218B7520098FB4A /* Player.swift */; };
/* End PBXBuildFile section */

/* Begin PBXContainerItemProxy section */
		2ED9436922186F130098FB4A /* PBXContainerItemProxy */ = {
			isa = PBXContainerItemProxy;
			containerPortal = 2ED9434C22186F120098FB4A /* Project object */;
			proxyType = 1;
			remoteGlobalIDString = 2ED9435322186F120098FB4A;
			remoteInfo = test2;
		};
		2ED9437422186F140098FB4A /* PBXContainerItemProxy */ = {
			isa = PBXContainerItemProxy;
			containerPortal = 2ED9434C22186F120098FB4A /* Project object */;
			proxyType = 1;
			remoteGlobalIDString = 2ED9435322186F120098FB4A;
			remoteInfo = test2;
		};
/* End PBXContainerItemProxy section */

/* Begin PBXFileReference section */
		2ED9435422186F120098FB4A /* test2.app */ = {isa = PBXFileReference; explicitFileType = wrapper.application; includeInIndex = 0; path = test2.app; sourceTree = BUILT_PRODUCTS_DIR; };
		2ED9435722186F120098FB4A /* AppDelegate.swift */ = {isa = PBXFileReference; lastKnownFileType = sourcecode.swift; path = AppDelegate.swift; sourceTree = "<group>"; };
		2ED9435922186F120098FB4A /* ViewController.swift */ = {isa = PBXFileReference; lastKnownFileType = sourcecode.swift; path = ViewController.swift; sourceTree = "<group>"; };
		2ED9435C22186F120098FB4A /* Base */ = {isa = PBXFileReference; lastKnownFileType = file.storyboard; name = Base; path = Base.lproj/Main.storyboard; sourceTree = "<group>"; };
		2ED9435E22186F130098FB4A /* Assets.xcassets */ = {isa = PBXFileReference; lastKnownFileType = folder.assetcatalog; path = Assets.xcassets; sourceTree = "<group>"; };
		2ED9436122186F130098FB4A /* Base */ = {isa = PBXFileReference; lastKnownFileType = file.storyboard; name = Base; path = Base.lproj/LaunchScreen.storyboard; sourceTree = "<group>"; };
		2ED9436322186F130098FB4A /* Info.plist */ = {isa = PBXFileReference; lastKnownFileType = text.plist.xml; path = Info.plist; sourceTree = "<group>"; };
		2ED9436822186F130098FB4A /* test2Tests.xctest */ = {isa = PBXFileReference; explicitFileType = wrapper.cfbundle; includeInIndex = 0; path = test2Tests.xctest; sourceTree = BUILT_PRODUCTS_DIR; };
		2ED9436C22186F130098FB4A /* test2Tests.swift */ = {isa = PBXFileReference; lastKnownFileType = sourcecode.swift; path = test2Tests.swift; sourceTree = "<group>"; };
		2ED9436E22186F130098FB4A /* Info.plist */ = {isa = PBXFileReference; lastKnownFileType = text.plist.xml; path = Info.plist; sourceTree = "<group>"; };
		2ED9437322186F130098FB4A /* test2UITests.xctest */ = {isa = PBXFileReference; explicitFileType = wrapper.cfbundle; includeInIndex = 0; path = test2UITests.xctest; sourceTree = BUILT_PRODUCTS_DIR; };
		2ED9437722186F140098FB4A /* test2UITests.swift */ = {isa = PBXFileReference; lastKnownFileType = sourcecode.swift; path = test2UITests.swift; sourceTree = "<group>"; };
		2ED9437922186F140098FB4A /* Info.plist */ = {isa = PBXFileReference; lastKnownFileType = text.plist.xml; path = Info.plist; sourceTree = "<group>"; };
		2ED943C72218B7500098FB4A /* Ship.swift */ = {isa = PBXFileReference; fileEncoding = 4; lastKnownFileType = sourcecode.swift; path = Ship.swift; sourceTree = "<group>"; };
		2ED943C82218B7510098FB4A /* ShipType.swift */ = {isa = PBXFileReference; fileEncoding = 4; lastKnownFileType = sourcecode.swift; path = ShipType.swift; sourceTree = "<group>"; };
		2ED943C92218B7520098FB4A /* GameDifficulty.swift */ = {isa = PBXFileReference; fileEncoding = 4; lastKnownFileType = sourcecode.swift; path = GameDifficulty.swift; sourceTree = "<group>"; };
		2ED943CA2218B7520098FB4A /* Game.swift */ = {isa = PBXFileReference; fileEncoding = 4; lastKnownFileType = sourcecode.swift; path = Game.swift; sourceTree = "<group>"; };
		2ED943CB2218B7520098FB4A /* Player.swift */ = {isa = PBXFileReference; fileEncoding = 4; lastKnownFileType = sourcecode.swift; path = Player.swift; sourceTree = "<group>"; };
/* End PBXFileReference section */

/* Begin PBXFrameworksBuildPhase section */
		2ED9435122186F120098FB4A /* Frameworks */ = {
			isa = PBXFrameworksBuildPhase;
			buildActionMask = 2147483647;
			files = (
			);
			runOnlyForDeploymentPostprocessing = 0;
		};
		2ED9436522186F130098FB4A /* Frameworks */ = {
			isa = PBXFrameworksBuildPhase;
			buildActionMask = 2147483647;
			files = (
			);
			runOnlyForDeploymentPostprocessing = 0;
		};
		2ED9437022186F130098FB4A /* Frameworks */ = {
			isa = PBXFrameworksBuildPhase;
			buildActionMask = 2147483647;
			files = (
			);
			runOnlyForDeploymentPostprocessing = 0;
		};
/* End PBXFrameworksBuildPhase section */

/* Begin PBXGroup section */
		2ED9434B22186F120098FB4A = {
			isa = PBXGroup;
			children = (
				2ED9435622186F120098FB4A /* test2 */,
				2ED9436B22186F130098FB4A /* test2Tests */,
				2ED9437622186F140098FB4A /* test2UITests */,
				2ED9435522186F120098FB4A /* Products */,
			);
			sourceTree = "<group>";
		};
		2ED9435522186F120098FB4A /* Products */ = {
			isa = PBXGroup;
			children = (
				2ED9435422186F120098FB4A /* test2.app */,
				2ED9436822186F130098FB4A /* test2Tests.xctest */,
				2ED9437322186F130098FB4A /* test2UITests.xctest */,
			);
			name = Products;
			sourceTree = "<group>";
		};
		2ED9435622186F120098FB4A /* test2 */ = {
			isa = PBXGroup;
			children = (
				2ED943CA2218B7520098FB4A /* Game.swift */,
				2ED943C92218B7520098FB4A /* GameDifficulty.swift */,
				2ED943CB2218B7520098FB4A /* Player.swift */,
				2ED943C72218B7500098FB4A /* Ship.swift */,
				2ED943C82218B7510098FB4A /* ShipType.swift */,
				2ED9435722186F120098FB4A /* AppDelegate.swift */,
				2ED9435922186F120098FB4A /* ViewController.swift */,
				2ED9435B22186F120098FB4A /* Main.storyboard */,
				2ED9435E22186F130098FB4A /* Assets.xcassets */,
				2ED9436022186F130098FB4A /* LaunchScreen.storyboard */,
				2ED9436322186F130098FB4A /* Info.plist */,
			);
			path = test2;
			sourceTree = "<group>";
		};
		2ED9436B22186F130098FB4A /* test2Tests */ = {
			isa = PBXGroup;
			children = (
				2ED9436C22186F130098FB4A /* test2Tests.swift */,
				2ED9436E22186F130098FB4A /* Info.plist */,
			);
			path = test2Tests;
			sourceTree = "<group>";
		};
		2ED9437622186F140098FB4A /* test2UITests */ = {
			isa = PBXGroup;
			children = (
				2ED9437722186F140098FB4A /* test2UITests.swift */,
				2ED9437922186F140098FB4A /* Info.plist */,
			);
			path = test2UITests;
			sourceTree = "<group>";
		};
/* End PBXGroup section */

/* Begin PBXNativeTarget section */
		2ED9435322186F120098FB4A /* test2 */ = {
			isa = PBXNativeTarget;
			buildConfigurationList = 2ED9437C22186F140098FB4A /* Build configuration list for PBXNativeTarget "test2" */;
			buildPhases = (
				2ED9435022186F120098FB4A /* Sources */,
				2ED9435122186F120098FB4A /* Frameworks */,
				2ED9435222186F120098FB4A /* Resources */,
			);
			buildRules = (
			);
			dependencies = (
			);
			name = test2;
			productName = test2;
			productReference = 2ED9435422186F120098FB4A /* test2.app */;
			productType = "com.apple.product-type.application";
		};
		2ED9436722186F130098FB4A /* test2Tests */ = {
			isa = PBXNativeTarget;
			buildConfigurationList = 2ED9437F22186F140098FB4A /* Build configuration list for PBXNativeTarget "test2Tests" */;
			buildPhases = (
				2ED9436422186F130098FB4A /* Sources */,
				2ED9436522186F130098FB4A /* Frameworks */,
				2ED9436622186F130098FB4A /* Resources */,
			);
			buildRules = (
			);
			dependencies = (
				2ED9436A22186F130098FB4A /* PBXTargetDependency */,
			);
			name = test2Tests;
			productName = test2Tests;
			productReference = 2ED9436822186F130098FB4A /* test2Tests.xctest */;
			productType = "com.apple.product-type.bundle.unit-test";
		};
		2ED9437222186F130098FB4A /* test2UITests */ = {
			isa = PBXNativeTarget;
			buildConfigurationList = 2ED9438222186F140098FB4A /* Build configuration list for PBXNativeTarget "test2UITests" */;
			buildPhases = (
				2ED9436F22186F130098FB4A /* Sources */,
				2ED9437022186F130098FB4A /* Frameworks */,
				2ED9437122186F130098FB4A /* Resources */,
			);
			buildRules = (
			);
			dependencies = (
				2ED9437522186F140098FB4A /* PBXTargetDependency */,
			);
			name = test2UITests;
			productName = test2UITests;
			productReference = 2ED9437322186F130098FB4A /* test2UITests.xctest */;
			productType = "com.apple.product-type.bundle.ui-testing";
		};
/* End PBXNativeTarget section */

/* Begin PBXProject section */
		2ED9434C22186F120098FB4A /* Project object */ = {
			isa = PBXProject;
			attributes = {
				LastSwiftUpdateCheck = 1010;
				LastUpgradeCheck = 1010;
				ORGANIZATIONNAME = Cecilia;
				TargetAttributes = {
					2ED9435322186F120098FB4A = {
						CreatedOnToolsVersion = 10.1;
						LastSwiftMigration = 1020;
					};
					2ED9436722186F130098FB4A = {
						CreatedOnToolsVersion = 10.1;
						LastSwiftMigration = 1020;
						TestTargetID = 2ED9435322186F120098FB4A;
					};
					2ED9437222186F130098FB4A = {
						CreatedOnToolsVersion = 10.1;
						LastSwiftMigration = 1020;
						TestTargetID = 2ED9435322186F120098FB4A;
					};
				};
			};
			buildConfigurationList = 2ED9434F22186F120098FB4A /* Build configuration list for PBXProject "test2" */;
			compatibilityVersion = "Xcode 9.3";
			developmentRegion = en;
			hasScannedForEncodings = 0;
			knownRegions = (
				en,
				Base,
			);
			mainGroup = 2ED9434B22186F120098FB4A;
			productRefGroup = 2ED9435522186F120098FB4A /* Products */;
			projectDirPath = "";
			projectRoot = "";
			targets = (
				2ED9435322186F120098FB4A /* test2 */,
				2ED9436722186F130098FB4A /* test2Tests */,
				2ED9437222186F130098FB4A /* test2UITests */,
			);
		};
/* End PBXProject section */

/* Begin PBXResourcesBuildPhase section */
		2ED9435222186F120098FB4A /* Resources */ = {
			isa = PBXResourcesBuildPhase;
			buildActionMask = 2147483647;
			files = (
				2ED9436222186F130098FB4A /* LaunchScreen.storyboard in Resources */,
				2ED9435F22186F130098FB4A /* Assets.xcassets in Resources */,
				2ED9435D22186F120098FB4A /* Main.storyboard in Resources */,
			);
			runOnlyForDeploymentPostprocessing = 0;
		};
		2ED9436622186F130098FB4A /* Resources */ = {
			isa = PBXResourcesBuildPhase;
			buildActionMask = 2147483647;
			files = (
			);
			runOnlyForDeploymentPostprocessing = 0;
		};
		2ED9437122186F130098FB4A /* Resources */ = {
			isa = PBXResourcesBuildPhase;
			buildActionMask = 2147483647;
			files = (
			);
			runOnlyForDeploymentPostprocessing = 0;
		};
/* End PBXResourcesBuildPhase section */

/* Begin PBXSourcesBuildPhase section */
		2ED9435022186F120098FB4A /* Sources */ = {
			isa = PBXSourcesBuildPhase;
			buildActionMask = 2147483647;
			files = (
				2ED9435A22186F120098FB4A /* ViewController.swift in Sources */,
				2ED943CF2218B7520098FB4A /* Game.swift in Sources */,
				2ED943CC2218B7520098FB4A /* Ship.swift in Sources */,
				2ED9435822186F120098FB4A /* AppDelegate.swift in Sources */,
				2ED943D02218B7520098FB4A /* Player.swift in Sources */,
				2ED943CD2218B7520098FB4A /* ShipType.swift in Sources */,
				2ED943CE2218B7520098FB4A /* GameDifficulty.swift in Sources */,
			);
			runOnlyForDeploymentPostprocessing = 0;
		};
		2ED9436422186F130098FB4A /* Sources */ = {
			isa = PBXSourcesBuildPhase;
			buildActionMask = 2147483647;
			files = (
				2ED9436D22186F130098FB4A /* test2Tests.swift in Sources */,
			);
			runOnlyForDeploymentPostprocessing = 0;
		};
		2ED9436F22186F130098FB4A /* Sources */ = {
			isa = PBXSourcesBuildPhase;
			buildActionMask = 2147483647;
			files = (
				2ED9437822186F140098FB4A /* test2UITests.swift in Sources */,
			);
			runOnlyForDeploymentPostprocessing = 0;
		};
/* End PBXSourcesBuildPhase section */

/* Begin PBXTargetDependency section */
		2ED9436A22186F130098FB4A /* PBXTargetDependency */ = {
			isa = PBXTargetDependency;
			target = 2ED9435322186F120098FB4A /* test2 */;
			targetProxy = 2ED9436922186F130098FB4A /* PBXContainerItemProxy */;
		};
		2ED9437522186F140098FB4A /* PBXTargetDependency */ = {
			isa = PBXTargetDependency;
			target = 2ED9435322186F120098FB4A /* test2 */;
			targetProxy = 2ED9437422186F140098FB4A /* PBXContainerItemProxy */;
		};
/* End PBXTargetDependency section */

/* Begin PBXVariantGroup section */
		2ED9435B22186F120098FB4A /* Main.storyboard */ = {
			isa = PBXVariantGroup;
			children = (
				2ED9435C22186F120098FB4A /* Base */,
			);
			name = Main.storyboard;
			sourceTree = "<group>";
		};
		2ED9436022186F130098FB4A /* LaunchScreen.storyboard */ = {
			isa = PBXVariantGroup;
			children = (
				2ED9436122186F130098FB4A /* Base */,
			);
			name = LaunchScreen.storyboard;
			sourceTree = "<group>";
		};
/* End PBXVariantGroup section */

/* Begin XCBuildConfiguration section */
		2ED9437A22186F140098FB4A /* Debug */ = {
			isa = XCBuildConfiguration;
			buildSettings = {
				ALWAYS_SEARCH_USER_PATHS = NO;
				CLANG_ANALYZER_NONNULL = YES;
				CLANG_ANALYZER_NUMBER_OBJECT_CONVERSION = YES_AGGRESSIVE;
				CLANG_CXX_LANGUAGE_STANDARD = "gnu++14";
				CLANG_CXX_LIBRARY = "libc++";
				CLANG_ENABLE_MODULES = YES;
				CLANG_ENABLE_OBJC_ARC = YES;
				CLANG_ENABLE_OBJC_WEAK = YES;
				CLANG_WARN_BLOCK_CAPTURE_AUTORELEASING = YES;
				CLANG_WARN_BOOL_CONVERSION = YES;
				CLANG_WARN_COMMA = YES;
				CLANG_WARN_CONSTANT_CONVERSION = YES;
				CLANG_WARN_DEPRECATED_OBJC_IMPLEMENTATIONS = YES;
				CLANG_WARN_DIRECT_OBJC_ISA_USAGE = YES_ERROR;
				CLANG_WARN_DOCUMENTATION_COMMENTS = YES;
				CLANG_WARN_EMPTY_BODY = YES;
				CLANG_WARN_ENUM_CONVERSION = YES;
				CLANG_WARN_INFINITE_RECURSION = YES;
				CLANG_WARN_INT_CONVERSION = YES;
				CLANG_WARN_NON_LITERAL_NULL_CONVERSION = YES;
				CLANG_WARN_OBJC_IMPLICIT_RETAIN_SELF = YES;
				CLANG_WARN_OBJC_LITERAL_CONVERSION = YES;
				CLANG_WARN_OBJC_ROOT_CLASS = YES_ERROR;
				CLANG_WARN_RANGE_LOOP_ANALYSIS = YES;
				CLANG_WARN_STRICT_PROTOTYPES = YES;
				CLANG_WARN_SUSPICIOUS_MOVE = YES;
				CLANG_WARN_UNGUARDED_AVAILABILITY = YES_AGGRESSIVE;
				CLANG_WARN_UNREACHABLE_CODE = YES;
				CLANG_WARN__DUPLICATE_METHOD_MATCH = YES;
				CODE_SIGN_IDENTITY = "iPhone Developer";
				COPY_PHASE_STRIP = NO;
				DEBUG_INFORMATION_FORMAT = dwarf;
				ENABLE_STRICT_OBJC_MSGSEND = YES;
				ENABLE_TESTABILITY = YES;
				GCC_C_LANGUAGE_STANDARD = gnu11;
				GCC_DYNAMIC_NO_PIC = NO;
				GCC_NO_COMMON_BLOCKS = YES;
				GCC_OPTIMIZATION_LEVEL = 0;
				GCC_PREPROCESSOR_DEFINITIONS = (
					"DEBUG=1",
					"$(inherited)",
				);
				GCC_WARN_64_TO_32_BIT_CONVERSION = YES;
				GCC_WARN_ABOUT_RETURN_TYPE = YES_ERROR;
				GCC_WARN_UNDECLARED_SELECTOR = YES;
				GCC_WARN_UNINITIALIZED_AUTOS = YES_AGGRESSIVE;
				GCC_WARN_UNUSED_FUNCTION = YES;
				GCC_WARN_UNUSED_VARIABLE = YES;
				IPHONEOS_DEPLOYMENT_TARGET = 12.1;
				MTL_ENABLE_DEBUG_INFO = INCLUDE_SOURCE;
				MTL_FAST_MATH = YES;
				ONLY_ACTIVE_ARCH = YES;
				SDKROOT = iphoneos;
				SWIFT_ACTIVE_COMPILATION_CONDITIONS = DEBUG;
				SWIFT_OPTIMIZATION_LEVEL = "-Onone";
			};
			name = Debug;
		};
		2ED9437B22186F140098FB4A /* Release */ = {
			isa = XCBuildConfiguration;
			buildSettings = {
				ALWAYS_SEARCH_USER_PATHS = NO;
				CLANG_ANALYZER_NONNULL = YES;
				CLANG_ANALYZER_NUMBER_OBJECT_CONVERSION = YES_AGGRESSIVE;
				CLANG_CXX_LANGUAGE_STANDARD = "gnu++14";
				CLANG_CXX_LIBRARY = "libc++";
				CLANG_ENABLE_MODULES = YES;
				CLANG_ENABLE_OBJC_ARC = YES;
				CLANG_ENABLE_OBJC_WEAK = YES;
				CLANG_WARN_BLOCK_CAPTURE_AUTORELEASING = YES;
				CLANG_WARN_BOOL_CONVERSION = YES;
				CLANG_WARN_COMMA = YES;
				CLANG_WARN_CONSTANT_CONVERSION = YES;
				CLANG_WARN_DEPRECATED_OBJC_IMPLEMENTATIONS = YES;
				CLANG_WARN_DIRECT_OBJC_ISA_USAGE = YES_ERROR;
				CLANG_WARN_DOCUMENTATION_COMMENTS = YES;
				CLANG_WARN_EMPTY_BODY = YES;
				CLANG_WARN_ENUM_CONVERSION = YES;
				CLANG_WARN_INFINITE_RECURSION = YES;
				CLANG_WARN_INT_CONVERSION = YES;
				CLANG_WARN_NON_LITERAL_NULL_CONVERSION = YES;
				CLANG_WARN_OBJC_IMPLICIT_RETAIN_SELF = YES;
				CLANG_WARN_OBJC_LITERAL_CONVERSION = YES;
				CLANG_WARN_OBJC_ROOT_CLASS = YES_ERROR;
				CLANG_WARN_RANGE_LOOP_ANALYSIS = YES;
				CLANG_WARN_STRICT_PROTOTYPES = YES;
				CLANG_WARN_SUSPICIOUS_MOVE = YES;
				CLANG_WARN_UNGUARDED_AVAILABILITY = YES_AGGRESSIVE;
				CLANG_WARN_UNREACHABLE_CODE = YES;
				CLANG_WARN__DUPLICATE_METHOD_MATCH = YES;
				CODE_SIGN_IDENTITY = "iPhone Developer";
				COPY_PHASE_STRIP = NO;
				DEBUG_INFORMATION_FORMAT = "dwarf-with-dsym";
				ENABLE_NS_ASSERTIONS = NO;
				ENABLE_STRICT_OBJC_MSGSEND = YES;
				GCC_C_LANGUAGE_STANDARD = gnu11;
				GCC_NO_COMMON_BLOCKS = YES;
				GCC_WARN_64_TO_32_BIT_CONVERSION = YES;
				GCC_WARN_ABOUT_RETURN_TYPE = YES_ERROR;
				GCC_WARN_UNDECLARED_SELECTOR = YES;
				GCC_WARN_UNINITIALIZED_AUTOS = YES_AGGRESSIVE;
				GCC_WARN_UNUSED_FUNCTION = YES;
				GCC_WARN_UNUSED_VARIABLE = YES;
				IPHONEOS_DEPLOYMENT_TARGET = 12.1;
				MTL_ENABLE_DEBUG_INFO = NO;
				MTL_FAST_MATH = YES;
				SDKROOT = iphoneos;
				SWIFT_COMPILATION_MODE = wholemodule;
				SWIFT_OPTIMIZATION_LEVEL = "-O";
				VALIDATE_PRODUCT = YES;
			};
			name = Release;
		};
		2ED9437D22186F140098FB4A /* Debug */ = {
			isa = XCBuildConfiguration;
			buildSettings = {
				ASSETCATALOG_COMPILER_APPICON_NAME = AppIcon;
				CODE_SIGN_STYLE = Automatic;
				DEVELOPMENT_TEAM = WWC9H95NPN;
				INFOPLIST_FILE = test2/Info.plist;
				LD_RUNPATH_SEARCH_PATHS = (
					"$(inherited)",
					"@executable_path/Frameworks",
				);
				PRODUCT_BUNDLE_IDENTIFIER = Cecilia.test2;
				PRODUCT_NAME = "$(TARGET_NAME)";
				SWIFT_VERSION = 5.0;
				TARGETED_DEVICE_FAMILY = "1,2";
			};
			name = Debug;
		};
		2ED9437E22186F140098FB4A /* Release */ = {
			isa = XCBuildConfiguration;
			buildSettings = {
				ASSETCATALOG_COMPILER_APPICON_NAME = AppIcon;
				CODE_SIGN_STYLE = Automatic;
				DEVELOPMENT_TEAM = WWC9H95NPN;
				INFOPLIST_FILE = test2/Info.plist;
				LD_RUNPATH_SEARCH_PATHS = (
					"$(inherited)",
					"@executable_path/Frameworks",
				);
				PRODUCT_BUNDLE_IDENTIFIER = Cecilia.test2;
				PRODUCT_NAME = "$(TARGET_NAME)";
				SWIFT_VERSION = 5.0;
				TARGETED_DEVICE_FAMILY = "1,2";
			};
			name = Release;
		};
		2ED9438022186F140098FB4A /* Debug */ = {
			isa = XCBuildConfiguration;
			buildSettings = {
				ALWAYS_EMBED_SWIFT_STANDARD_LIBRARIES = YES;
				BUNDLE_LOADER = "$(TEST_HOST)";
				CODE_SIGN_STYLE = Automatic;
				DEVELOPMENT_TEAM = WWC9H95NPN;
				INFOPLIST_FILE = test2Tests/Info.plist;
				LD_RUNPATH_SEARCH_PATHS = (
					"$(inherited)",
					"@executable_path/Frameworks",
					"@loader_path/Frameworks",
				);
				PRODUCT_BUNDLE_IDENTIFIER = Cecilia.test2Tests;
				PRODUCT_NAME = "$(TARGET_NAME)";
				SWIFT_VERSION = 5.0;
				TARGETED_DEVICE_FAMILY = "1,2";
				TEST_HOST = "$(BUILT_PRODUCTS_DIR)/test2.app/test2";
			};
			name = Debug;
		};
		2ED9438122186F140098FB4A /* Release */ = {
			isa = XCBuildConfiguration;
			buildSettings = {
				ALWAYS_EMBED_SWIFT_STANDARD_LIBRARIES = YES;
				BUNDLE_LOADER = "$(TEST_HOST)";
				CODE_SIGN_STYLE = Automatic;
				DEVELOPMENT_TEAM = WWC9H95NPN;
				INFOPLIST_FILE = test2Tests/Info.plist;
				LD_RUNPATH_SEARCH_PATHS = (
					"$(inherited)",
					"@executable_path/Frameworks",
					"@loader_path/Frameworks",
				);
				PRODUCT_BUNDLE_IDENTIFIER = Cecilia.test2Tests;
				PRODUCT_NAME = "$(TARGET_NAME)";
				SWIFT_VERSION = 5.0;
				TARGETED_DEVICE_FAMILY = "1,2";
				TEST_HOST = "$(BUILT_PRODUCTS_DIR)/test2.app/test2";
			};
			name = Release;
		};
		2ED9438322186F140098FB4A /* Debug */ = {
			isa = XCBuildConfiguration;
			buildSettings = {
				ALWAYS_EMBED_SWIFT_STANDARD_LIBRARIES = YES;
				CODE_SIGN_STYLE = Automatic;
				DEVELOPMENT_TEAM = WWC9H95NPN;
				INFOPLIST_FILE = test2UITests/Info.plist;
				LD_RUNPATH_SEARCH_PATHS = (
					"$(inherited)",
					"@executable_path/Frameworks",
					"@loader_path/Frameworks",
				);
				PRODUCT_BUNDLE_IDENTIFIER = Cecilia.test2UITests;
				PRODUCT_NAME = "$(TARGET_NAME)";
				SWIFT_VERSION = 5.0;
				TARGETED_DEVICE_FAMILY = "1,2";
				TEST_TARGET_NAME = test2;
			};
			name = Debug;
		};
		2ED9438422186F140098FB4A /* Release */ = {
			isa = XCBuildConfiguration;
			buildSettings = {
				ALWAYS_EMBED_SWIFT_STANDARD_LIBRARIES = YES;
				CODE_SIGN_STYLE = Automatic;
				DEVELOPMENT_TEAM = WWC9H95NPN;
				INFOPLIST_FILE = test2UITests/Info.plist;
				LD_RUNPATH_SEARCH_PATHS = (
					"$(inherited)",
					"@executable_path/Frameworks",
					"@loader_path/Frameworks",
				);
				PRODUCT_BUNDLE_IDENTIFIER = Cecilia.test2UITests;
				PRODUCT_NAME = "$(TARGET_NAME)";
				SWIFT_VERSION = 5.0;
				TARGETED_DEVICE_FAMILY = "1,2";
				TEST_TARGET_NAME = test2;
			};
			name = Release;
		};
/* End XCBuildConfiguration section */

/* Begin XCConfigurationList section */
		2ED9434F22186F120098FB4A /* Build configuration list for PBXProject "test2" */ = {
			isa = XCConfigurationList;
			buildConfigurations = (
				2ED9437A22186F140098FB4A /* Debug */,
				2ED9437B22186F140098FB4A /* Release */,
			);
			defaultConfigurationIsVisible = 0;
			defaultConfigurationName = Release;
		};
		2ED9437C22186F140098FB4A /* Build configuration list for PBXNativeTarget "test2" */ = {
			isa = XCConfigurationList;
			buildConfigurations = (
				2ED9437D22186F140098FB4A /* Debug */,
				2ED9437E22186F140098FB4A /* Release */,
			);
			defaultConfigurationIsVisible = 0;
			defaultConfigurationName = Release;
		};
		2ED9437F22186F140098FB4A /* Build configuration list for PBXNativeTarget "test2Tests" */ = {
			isa = XCConfigurationList;
			buildConfigurations = (
				2ED9438022186F140098FB4A /* Debug */,
				2ED9438122186F140098FB4A /* Release */,
			);
			defaultConfigurationIsVisible = 0;
			defaultConfigurationName = Release;
		};
		2ED9438222186F140098FB4A /* Build configuration list for PBXNativeTarget "test2UITests" */ = {
			isa = XCConfigurationList;
			buildConfigurations = (
				2ED9438322186F140098FB4A /* Debug */,
				2ED9438422186F140098FB4A /* Release */,
			);
			defaultConfigurationIsVisible = 0;
			defaultConfigurationName = Release;
		};
/* End XCConfigurationList section */
	};
	rootObject = 2ED9434C22186F120098FB4A /* Project object */;
}
